
Microsoft Visual Studio Solution File, Format Version 12.00
# Visual Studio 15
VisualStudioVersion = 15.0.27130.2036
MinimumVisualStudioVersion = 10.0.40219.1
Project("{FAE04EC0-301F-11D3-BF4B-00C04F79EFBC}") = "Two", "Two\Two.csproj", "{0A54CB36-3ECC-458F-A055-8935737B6011}"
EndProject
Global
	GlobalSection(SolutionConfigurationPlatforms) = preSolution
		Debug|Any CPU = Debug|Any CPU
		Release|Any CPU = Release|Any CPU
	EndGlobalSection
	GlobalSection(ProjectConfigurationPlatforms) = postSolution
		{0A54CB36-3ECC-458F-A055-8935737B6011}.Debug|Any CPU.ActiveCfg = Debug|Any CPU
		{0A54CB36-3ECC-458F-A055-8935737B6011}.Debug|Any CPU.Build.0 = Debug|Any CPU
		{0A54CB36-3ECC-458F-A055-8935737B6011}.Release|Any CPU.ActiveCfg = Release|Any CPU
		{0A54CB36-3ECC-458F-A055-8935737B6011}.Release|Any CPU.Build.0 = Release|Any CPU
	EndGlobalSection
	GlobalSection(SolutionProperties) = preSolution
		HideSolutionNode = FALSE
	EndGlobalSection
	GlobalSection(ExtensibilityGlobals) = postSolution
		SolutionGuid = {29BDD091-0A63-4D03-838D-AC30C4AF766B}
	EndGlobalSection
EndGlobal
